github.com/chazdnato/aoc v0.0.0-20201202001251-9c6d65215a9e h1:7CFim6+Bi5OKI6xmojXea5VeYG2d0X8sSkzds4i+YEs=
github.com/chazdnato/aoc/sidwtrw v0.0.0-20201202002348-b33a74227a03 h1:QI/UWK0LTJSfW3uapt9pLhlFfY/F8UMaoK5wkBQ//yY=
github.com/chazdnato/aoc/sidwtrw v0.0.0-20201202002348-b33a74227a03/go.mod h1:VXKVzNzmdmBaIITlUkRCy9mPS4/Ygzhp+vPnj6qThWU=
